
Microsoft Visual Studio Solution File, Format Version 12.00
# Visual Studio 15
VisualStudioVersion = 15.0.28307.852
MinimumVisualStudioVersion = 10.0.40219.1
Project("{9A19103F-16F7-4668-BE54-9A1E7A4F7556}") = "SME.ServiceAPI", "Src\SME.ServiceAPI\SME.ServiceAPI.csproj", "{D113870B-6F85-4DE6-9316-6AC3E1D0698E}"
EndProject
Project("{FAE04EC0-301F-11D3-BF4B-00C04F79EFBC}") = "SME.Client", "SME.Client\SME.Client.csproj", "{F8D740AD-17C2-42F2-AFE2-E6A301BDBDBF}"
EndProject
Global
	GlobalSection(SolutionConfigurationPlatforms) = preSolution
		Debug|Any CPU = Debug|Any CPU
		Release|Any CPU = Release|Any CPU
	EndGlobalSection
	GlobalSection(ProjectConfigurationPlatforms) = postSolution
		{D113870B-6F85-4DE6-9316-6AC3E1D0698E}.Debug|Any CPU.ActiveCfg = Debug|Any CPU
		{D113870B-6F85-4DE6-9316-6AC3E1D0698E}.Debug|Any CPU.Build.0 = Debug|Any CPU
		{D113870B-6F85-4DE6-9316-6AC3E1D0698E}.Release|Any CPU.ActiveCfg = Release|Any CPU
		{D113870B-6F85-4DE6-9316-6AC3E1D0698E}.Release|Any CPU.Build.0 = Release|Any CPU
		{F8D740AD-17C2-42F2-AFE2-E6A301BDBDBF}.Debug|Any CPU.ActiveCfg = Debug|Any CPU
		{F8D740AD-17C2-42F2-AFE2-E6A301BDBDBF}.Debug|Any CPU.Build.0 = Debug|Any CPU
		{F8D740AD-17C2-42F2-AFE2-E6A301BDBDBF}.Release|Any CPU.ActiveCfg = Release|Any CPU
		{F8D740AD-17C2-42F2-AFE2-E6A301BDBDBF}.Release|Any CPU.Build.0 = Release|Any CPU
	EndGlobalSection
	GlobalSection(SolutionProperties) = preSolution
		HideSolutionNode = FALSE
	EndGlobalSection
	GlobalSection(ExtensibilityGlobals) = postSolution
		SolutionGuid = {DFEC6A29-A017-41DC-A802-F92372094808}
	EndGlobalSection
EndGlobal
